
Microsoft Visual Studio Solution File, Format Version 12.00
# Visual Studio 14
VisualStudioVersion = 14.0.25420.1
MinimumVisualStudioVersion = 10.0.40219.1
Project("{8BC9CEB8-8B4A-11D0-8D11-00A0C91BC942}") = "reaper_plugin_control_surface_generic", "ReaperPluginControlSurfaceGeneric\reaper_plugin_control_surface_generic.vcxproj", "{4DF0B595-5590-42E4-8A84-B019E130ECA2}"
EndProject
Project("{8BC9CEB8-8B4A-11D0-8D11-00A0C91BC942}") = "control_surface_map_generator", "ControlSurfaceMapGenerator\control_surface_map_generator.vcxproj", "{E7558C02-4016-487A-B61B-6C5F78ED5B27}"
EndProject
Global
	GlobalSection(SolutionConfigurationPlatforms) = preSolution
		Debug|Win32 = Debug|Win32
		Debug|x64 = Debug|x64
		Release|Win32 = Release|Win32
		Release|x64 = Release|x64
	EndGlobalSection
	GlobalSection(ProjectConfigurationPlatforms) = postSolution
		{4DF0B595-5590-42E4-8A84-B019E130ECA2}.Debug|Win32.ActiveCfg = Debug|Win32
		{4DF0B595-5590-42E4-8A84-B019E130ECA2}.Debug|Win32.Build.0 = Debug|Win32
		{4DF0B595-5590-42E4-8A84-B019E130ECA2}.Debug|x64.ActiveCfg = Debug|x64
		{4DF0B595-5590-42E4-8A84-B019E130ECA2}.Debug|x64.Build.0 = Debug|x64
		{4DF0B595-5590-42E4-8A84-B019E130ECA2}.Release|Win32.ActiveCfg = Release|Win32
		{4DF0B595-5590-42E4-8A84-B019E130ECA2}.Release|Win32.Build.0 = Release|Win32
		{4DF0B595-5590-42E4-8A84-B019E130ECA2}.Release|x64.ActiveCfg = Release|x64
		{4DF0B595-5590-42E4-8A84-B019E130ECA2}.Release|x64.Build.0 = Release|x64
		{E7558C02-4016-487A-B61B-6C5F78ED5B27}.Debug|Win32.ActiveCfg = Debug|Win32
		{E7558C02-4016-487A-B61B-6C5F78ED5B27}.Debug|Win32.Build.0 = Debug|Win32
		{E7558C02-4016-487A-B61B-6C5F78ED5B27}.Debug|x64.ActiveCfg = Debug|x64
		{E7558C02-4016-487A-B61B-6C5F78ED5B27}.Debug|x64.Build.0 = Debug|x64
		{E7558C02-4016-487A-B61B-6C5F78ED5B27}.Release|Win32.ActiveCfg = Release|Win32
		{E7558C02-4016-487A-B61B-6C5F78ED5B27}.Release|Win32.Build.0 = Release|Win32
		{E7558C02-4016-487A-B61B-6C5F78ED5B27}.Release|x64.ActiveCfg = Release|x64
		{E7558C02-4016-487A-B61B-6C5F78ED5B27}.Release|x64.Build.0 = Release|x64
	EndGlobalSection
	GlobalSection(SolutionProperties) = preSolution
		HideSolutionNode = FALSE
	EndGlobalSection
EndGlobal
