// !$*UTF8*$!
{
	archiveVersion = 1;
	classes = {
	};
	objectVersion = 45;
	objects = {

/* Begin PBXBuildFile section */
		3327DE920E955E14001FCE4E /* Cocoa.framework in Frameworks */ = {isa = PBXBuildFile; fileRef = 3327DE910E955E14001FCE4E /* Cocoa.framework */; };
		3327DE960E955E1E001FCE4E /* main.cpp in Sources */ = {isa = PBXBuildFile; fileRef = 3327DE950E955E1E001FCE4E /* main.cpp */; };
		3327DE980E955E2E001FCE4E /* swell-modstub.mm in Sources */ = {isa = PBXBuildFile; fileRef = 3327DE970E955E2E001FCE4E /* swell-modstub.mm */; };
		3327DE9D0E955E47001FCE4E /* asyncdns.cpp in Sources */ = {isa = PBXBuildFile; fileRef = 3327DE990E955E47001FCE4E /* asyncdns.cpp */; };
		3327DE9E0E955E47001FCE4E /* connection.cpp in Sources */ = {isa = PBXBuildFile; fileRef = 3327DE9A0E955E47001FCE4E /* connection.cpp */; };
		3327DE9F0E955E47001FCE4E /* httpget.cpp in Sources */ = {isa = PBXBuildFile; fileRef = 3327DE9B0E955E47001FCE4E /* httpget.cpp */; };
		3327DEA00E955E47001FCE4E /* util.cpp in Sources */ = {isa = PBXBuildFile; fileRef = 3327DE9C0E955E47001FCE4E /* util.cpp */; };
/* End PBXBuildFile section */

/* Begin PBXFileReference section */
		3327DE910E955E14001FCE4E /* Cocoa.framework */ = {isa = PBXFileReference; lastKnownFileType = wrapper.framework; name = Cocoa.framework; path = /System/Library/Frameworks/Cocoa.framework; sourceTree = "<absolute>"; };
		3327DE950E955E1E001FCE4E /* main.cpp */ = {isa = PBXFileReference; fileEncoding = 4; lastKnownFileType = sourcecode.cpp.cpp; path = main.cpp; sourceTree = "<group>"; };
		3327DE970E955E2E001FCE4E /* swell-modstub.mm */ = {isa = PBXFileReference; fileEncoding = 4; lastKnownFileType = sourcecode.cpp.objcpp; name = "swell-modstub.mm"; path = "../../WDL/swell/swell-modstub.mm"; sourceTree = SOURCE_ROOT; };
		3327DE990E955E47001FCE4E /* asyncdns.cpp */ = {isa = PBXFileReference; fileEncoding = 4; lastKnownFileType = sourcecode.cpp.cpp; name = asyncdns.cpp; path = ../../WDL/jnetlib/asyncdns.cpp; sourceTree = SOURCE_ROOT; };
		3327DE9A0E955E47001FCE4E /* connection.cpp */ = {isa = PBXFileReference; fileEncoding = 4; lastKnownFileType = sourcecode.cpp.cpp; name = connection.cpp; path = ../../WDL/jnetlib/connection.cpp; sourceTree = SOURCE_ROOT; };
		3327DE9B0E955E47001FCE4E /* httpget.cpp */ = {isa = PBXFileReference; fileEncoding = 4; lastKnownFileType = sourcecode.cpp.cpp; name = httpget.cpp; path = ../../WDL/jnetlib/httpget.cpp; sourceTree = SOURCE_ROOT; };
		3327DE9C0E955E47001FCE4E /* util.cpp */ = {isa = PBXFileReference; fileEncoding = 4; lastKnownFileType = sourcecode.cpp.cpp; name = util.cpp; path = ../../WDL/jnetlib/util.cpp; sourceTree = SOURCE_ROOT; };
		D2AAC0630554660B00DB518D /* reaper_ninjamloop.dylib */ = {isa = PBXFileReference; explicitFileType = "compiled.mach-o.dylib"; includeInIndex = 0; path = reaper_ninjamloop.dylib; sourceTree = BUILT_PRODUCTS_DIR; };
/* End PBXFileReference section */

/* Begin PBXFrameworksBuildPhase section */
		D289988505E68E00004EDB86 /* Frameworks */ = {
			isa = PBXFrameworksBuildPhase;
			buildActionMask = 2147483647;
			files = (
				3327DE920E955E14001FCE4E /* Cocoa.framework in Frameworks */,
			);
			runOnlyForDeploymentPostprocessing = 0;
		};
/* End PBXFrameworksBuildPhase section */

/* Begin PBXGroup section */
		08FB7794FE84155DC02AAC07 /* reaper_ninjamloop */ = {
			isa = PBXGroup;
			children = (
				08FB7795FE84155DC02AAC07 /* Source */,
				1AB674ADFE9D54B511CA2CBB /* Products */,
			);
			name = reaper_ninjamloop;
			sourceTree = "<group>";
		};
		08FB7795FE84155DC02AAC07 /* Source */ = {
			isa = PBXGroup;
			children = (
				3327DEA10E955E49001FCE4E /* jnetlib */,
				3327DE970E955E2E001FCE4E /* swell-modstub.mm */,
				3327DE950E955E1E001FCE4E /* main.cpp */,
				3327DE910E955E14001FCE4E /* Cocoa.framework */,
			);
			name = Source;
			sourceTree = "<group>";
		};
		1AB674ADFE9D54B511CA2CBB /* Products */ = {
			isa = PBXGroup;
			children = (
				D2AAC0630554660B00DB518D /* reaper_ninjamloop.dylib */,
			);
			name = Products;
			sourceTree = "<group>";
		};
		3327DEA10E955E49001FCE4E /* jnetlib */ = {
			isa = PBXGroup;
			children = (
				3327DE990E955E47001FCE4E /* asyncdns.cpp */,
				3327DE9A0E955E47001FCE4E /* connection.cpp */,
				3327DE9B0E955E47001FCE4E /* httpget.cpp */,
				3327DE9C0E955E47001FCE4E /* util.cpp */,
			);
			name = jnetlib;
			sourceTree = "<group>";
		};
/* End PBXGroup section */

/* Begin PBXHeadersBuildPhase section */
		D2AAC0600554660B00DB518D /* Headers */ = {
			isa = PBXHeadersBuildPhase;
			buildActionMask = 2147483647;
			files = (
			);
			runOnlyForDeploymentPostprocessing = 0;
		};
/* End PBXHeadersBuildPhase section */

/* Begin PBXNativeTarget section */
		D2AAC0620554660B00DB518D /* reaper_ninjamloop */ = {
			isa = PBXNativeTarget;
			buildConfigurationList = 1DEB914A08733D8E0010E9CD /* Build configuration list for PBXNativeTarget "reaper_ninjamloop" */;
			buildPhases = (
				D2AAC0600554660B00DB518D /* Headers */,
				D2AAC0610554660B00DB518D /* Sources */,
				D289988505E68E00004EDB86 /* Frameworks */,
			);
			buildRules = (
			);
			dependencies = (
			);
			name = reaper_ninjamloop;
			productName = reaper_ninjamloop;
			productReference = D2AAC0630554660B00DB518D /* reaper_ninjamloop.dylib */;
			productType = "com.apple.product-type.library.dynamic";
		};
/* End PBXNativeTarget section */

/* Begin PBXProject section */
		08FB7793FE84155DC02AAC07 /* Project object */ = {
			isa = PBXProject;
			buildConfigurationList = 1DEB914E08733D8E0010E9CD /* Build configuration list for PBXProject "reaper_ninjamloop" */;
			compatibilityVersion = "Xcode 3.1";
			hasScannedForEncodings = 1;
			mainGroup = 08FB7794FE84155DC02AAC07 /* reaper_ninjamloop */;
			projectDirPath = "";
			projectRoot = "";
			targets = (
				D2AAC0620554660B00DB518D /* reaper_ninjamloop */,
			);
		};
/* End PBXProject section */

/* Begin PBXSourcesBuildPhase section */
		D2AAC0610554660B00DB518D /* Sources */ = {
			isa = PBXSourcesBuildPhase;
			buildActionMask = 2147483647;
			files = (
				3327DE960E955E1E001FCE4E /* main.cpp in Sources */,
				3327DE980E955E2E001FCE4E /* swell-modstub.mm in Sources */,
				3327DE9D0E955E47001FCE4E /* asyncdns.cpp in Sources */,
				3327DE9E0E955E47001FCE4E /* connection.cpp in Sources */,
				3327DE9F0E955E47001FCE4E /* httpget.cpp in Sources */,
				3327DEA00E955E47001FCE4E /* util.cpp in Sources */,
			);
			runOnlyForDeploymentPostprocessing = 0;
		};
/* End PBXSourcesBuildPhase section */

/* Begin XCBuildConfiguration section */
		1DEB914B08733D8E0010E9CD /* Debug */ = {
			isa = XCBuildConfiguration;
			buildSettings = {
				ALWAYS_SEARCH_USER_PATHS = NO;
				COPY_PHASE_STRIP = NO;
				EXECUTABLE_PREFIX = "";
				GCC_DYNAMIC_NO_PIC = NO;
				GCC_ENABLE_FIX_AND_CONTINUE = YES;
				GCC_MODEL_TUNING = G5;
				GCC_OPTIMIZATION_LEVEL = 0;
				INSTALL_PATH = /usr/local/lib;
				PRODUCT_NAME = reaper_ninjamloop;
			};
			name = Debug;
		};
		1DEB914C08733D8E0010E9CD /* Release */ = {
			isa = XCBuildConfiguration;
			buildSettings = {
				ALWAYS_SEARCH_USER_PATHS = NO;
				DEBUG_INFORMATION_FORMAT = "dwarf-with-dsym";
				EXECUTABLE_PREFIX = "";
				GCC_MODEL_TUNING = G5;
				INSTALL_PATH = /usr/local/lib;
				PRODUCT_NAME = reaper_ninjamloop;
			};
			name = Release;
		};
		1DEB914F08733D8E0010E9CD /* Debug */ = {
			isa = XCBuildConfiguration;
			buildSettings = {
				ARCHS = "$(ARCHS_STANDARD_32_BIT)";
				GCC_C_LANGUAGE_STANDARD = c99;
				GCC_OPTIMIZATION_LEVEL = 0;
				GCC_PREPROCESSOR_DEFINITIONS = SWELL_PROVIDED_BY_APP;
				GCC_WARN_ABOUT_RETURN_TYPE = YES;
				GCC_WARN_UNUSED_VARIABLE = YES;
				ONLY_ACTIVE_ARCH = YES;
				PREBINDING = NO;
				SDKROOT = macosx10.4;
			};
			name = Debug;
		};
		1DEB915008733D8E0010E9CD /* Release */ = {
			isa = XCBuildConfiguration;
			buildSettings = {
				ARCHS = "$(ARCHS_STANDARD_32_BIT)";
				GCC_C_LANGUAGE_STANDARD = c99;
				GCC_PREPROCESSOR_DEFINITIONS = SWELL_PROVIDED_BY_APP;
				GCC_WARN_ABOUT_RETURN_TYPE = YES;
				GCC_WARN_UNUSED_VARIABLE = YES;
				PREBINDING = NO;
				SDKROOT = macosx10.4;
			};
			name = Release;
		};
/* End XCBuildConfiguration section */

/* Begin XCConfigurationList section */
		1DEB914A08733D8E0010E9CD /* Build configuration list for PBXNativeTarget "reaper_ninjamloop" */ = {
			isa = XCConfigurationList;
			buildConfigurations = (
				1DEB914B08733D8E0010E9CD /* Debug */,
				1DEB914C08733D8E0010E9CD /* Release */,
			);
			defaultConfigurationIsVisible = 0;
			defaultConfigurationName = Release;
		};
		1DEB914E08733D8E0010E9CD /* Build configuration list for PBXProject "reaper_ninjamloop" */ = {
			isa = XCConfigurationList;
			buildConfigurations = (
				1DEB914F08733D8E0010E9CD /* Debug */,
				1DEB915008733D8E0010E9CD /* Release */,
			);
			defaultConfigurationIsVisible = 0;
			defaultConfigurationName = Release;
		};
/* End XCConfigurationList section */
	};
	rootObject = 08FB7793FE84155DC02AAC07 /* Project object */;
}
